
Microsoft Visual Studio Solution File, Format Version 12.00
# Visual Studio Version 16
VisualStudioVersion = 16.0.30711.63
MinimumVisualStudioVersion = 10.0.40219.1
Project("{FAE04EC0-301F-11D3-BF4B-00C04F79EFBC}") = "1stDA-HW", "1stDA-HW\1stDA-HW.csproj", "{0E9E44BB-1D00-4CE5-976C-62808066BB5B}"
EndProject
Project("{FAE04EC0-301F-11D3-BF4B-00C04F79EFBC}") = "1stDA-ClassLibrary", "1stDA-ClassLibrary\1stDA-ClassLibrary.csproj", "{A778CA1A-FDF6-45CF-985A-220AE4E9D07D}"
EndProject
Global
	GlobalSection(SolutionConfigurationPlatforms) = preSolution
		Debug|Any CPU = Debug|Any CPU
		Release|Any CPU = Release|Any CPU
	EndGlobalSection
	GlobalSection(ProjectConfigurationPlatforms) = postSolution
		{0E9E44BB-1D00-4CE5-976C-62808066BB5B}.Debug|Any CPU.ActiveCfg = Debug|Any CPU
		{0E9E44BB-1D00-4CE5-976C-62808066BB5B}.Debug|Any CPU.Build.0 = Debug|Any CPU
		{0E9E44BB-1D00-4CE5-976C-62808066BB5B}.Release|Any CPU.ActiveCfg = Release|Any CPU
		{0E9E44BB-1D00-4CE5-976C-62808066BB5B}.Release|Any CPU.Build.0 = Release|Any CPU
		{A778CA1A-FDF6-45CF-985A-220AE4E9D07D}.Debug|Any CPU.ActiveCfg = Debug|Any CPU
		{A778CA1A-FDF6-45CF-985A-220AE4E9D07D}.Debug|Any CPU.Build.0 = Debug|Any CPU
		{A778CA1A-FDF6-45CF-985A-220AE4E9D07D}.Release|Any CPU.ActiveCfg = Release|Any CPU
		{A778CA1A-FDF6-45CF-985A-220AE4E9D07D}.Release|Any CPU.Build.0 = Release|Any CPU
	EndGlobalSection
	GlobalSection(SolutionProperties) = preSolution
		HideSolutionNode = FALSE
	EndGlobalSection
	GlobalSection(ExtensibilityGlobals) = postSolution
		SolutionGuid = {84F67B1D-9867-4BF2-B022-218562B6FCDB}
	EndGlobalSection
EndGlobal
